
Microsoft Visual Studio Solution File, Format Version 12.00
# Visual Studio Version 16
VisualStudioVersion = 16.0.30523.141
MinimumVisualStudioVersion = 10.0.40219.1
Project("{8BC9CEB8-8B4A-11D0-8D11-00A0C91BC942}") = "Lista1", "Lista1\Lista1.vcxproj", "{F97322A3-0605-4141-B5EF-BC749F738513}"
EndProject
Project("{8BC9CEB8-8B4A-11D0-8D11-00A0C91BC942}") = "Lista1_wej", "Lista1_wej\Lista1_wej.vcxproj", "{EAA7AEAF-2BF5-4BCC-9940-6D6CC87549D7}"
EndProject
Project("{8BC9CEB8-8B4A-11D0-8D11-00A0C91BC942}") = "Lista2a", "Lista2a\Lista2a.vcxproj", "{93470585-EC95-4CAB-B895-DCD5F7F9CD53}"
EndProject
Project("{8BC9CEB8-8B4A-11D0-8D11-00A0C91BC942}") = "Lista2b", "Lista2b\Lista2b.vcxproj", "{4816F10B-C082-4149-8BD0-0AFA25CF71DA}"
EndProject
Project("{8BC9CEB8-8B4A-11D0-8D11-00A0C91BC942}") = "Lista3a_StaticTree_StaticNode", "Lista3a_StaticTree_StaticNode\Lista3a_StaticTree_StaticNode.vcxproj", "{659BF150-EDD6-4D0F-BAE4-E4AB28B735AF}"
EndProject
Project("{8BC9CEB8-8B4A-11D0-8D11-00A0C91BC942}") = "Lista3b_DynamicTree_DynamicNode", "Lista3b_DynamicTree_DynamicNode\Lista3b_DynamicTree_DynamicNode.vcxproj", "{B8CE5777-D278-4290-9191-EEC12E662DFD}"
EndProject
Project("{8BC9CEB8-8B4A-11D0-8D11-00A0C91BC942}") = "Lista4", "Lista4\Lista4.vcxproj", "{1AFF830E-2487-4EBC-BF9C-DAD9E0708EDF}"
EndProject
Project("{8BC9CEB8-8B4A-11D0-8D11-00A0C91BC942}") = "Lista5", "Lista5\Lista5.vcxproj", "{4C196BAC-AD75-45F8-B9DC-AFD3B7076E46}"
EndProject
Project("{8BC9CEB8-8B4A-11D0-8D11-00A0C91BC942}") = "miniProject", "miniProject\miniProject.vcxproj", "{C880FB05-B5C4-46A5-B8AF-80F502462843}"
EndProject
Global
	GlobalSection(SolutionConfigurationPlatforms) = preSolution
		Debug|x64 = Debug|x64
		Debug|x86 = Debug|x86
		Release|x64 = Release|x64
		Release|x86 = Release|x86
	EndGlobalSection
	GlobalSection(ProjectConfigurationPlatforms) = postSolution
		{F97322A3-0605-4141-B5EF-BC749F738513}.Debug|x64.ActiveCfg = Debug|x64
		{F97322A3-0605-4141-B5EF-BC749F738513}.Debug|x64.Build.0 = Debug|x64
		{F97322A3-0605-4141-B5EF-BC749F738513}.Debug|x86.ActiveCfg = Debug|Win32
		{F97322A3-0605-4141-B5EF-BC749F738513}.Debug|x86.Build.0 = Debug|Win32
		{F97322A3-0605-4141-B5EF-BC749F738513}.Release|x64.ActiveCfg = Release|x64
		{F97322A3-0605-4141-B5EF-BC749F738513}.Release|x64.Build.0 = Release|x64
		{F97322A3-0605-4141-B5EF-BC749F738513}.Release|x86.ActiveCfg = Release|Win32
		{F97322A3-0605-4141-B5EF-BC749F738513}.Release|x86.Build.0 = Release|Win32
		{EAA7AEAF-2BF5-4BCC-9940-6D6CC87549D7}.Debug|x64.ActiveCfg = Debug|x64
		{EAA7AEAF-2BF5-4BCC-9940-6D6CC87549D7}.Debug|x64.Build.0 = Debug|x64
		{EAA7AEAF-2BF5-4BCC-9940-6D6CC87549D7}.Debug|x86.ActiveCfg = Debug|Win32
		{EAA7AEAF-2BF5-4BCC-9940-6D6CC87549D7}.Debug|x86.Build.0 = Debug|Win32
		{EAA7AEAF-2BF5-4BCC-9940-6D6CC87549D7}.Release|x64.ActiveCfg = Release|x64
		{EAA7AEAF-2BF5-4BCC-9940-6D6CC87549D7}.Release|x64.Build.0 = Release|x64
		{EAA7AEAF-2BF5-4BCC-9940-6D6CC87549D7}.Release|x86.ActiveCfg = Release|Win32
		{EAA7AEAF-2BF5-4BCC-9940-6D6CC87549D7}.Release|x86.Build.0 = Release|Win32
		{93470585-EC95-4CAB-B895-DCD5F7F9CD53}.Debug|x64.ActiveCfg = Debug|x64
		{93470585-EC95-4CAB-B895-DCD5F7F9CD53}.Debug|x64.Build.0 = Debug|x64
		{93470585-EC95-4CAB-B895-DCD5F7F9CD53}.Debug|x86.ActiveCfg = Debug|Win32
		{93470585-EC95-4CAB-B895-DCD5F7F9CD53}.Debug|x86.Build.0 = Debug|Win32
		{93470585-EC95-4CAB-B895-DCD5F7F9CD53}.Release|x64.ActiveCfg = Release|x64
		{93470585-EC95-4CAB-B895-DCD5F7F9CD53}.Release|x64.Build.0 = Release|x64
		{93470585-EC95-4CAB-B895-DCD5F7F9CD53}.Release|x86.ActiveCfg = Release|Win32
		{93470585-EC95-4CAB-B895-DCD5F7F9CD53}.Release|x86.Build.0 = Release|Win32
		{4816F10B-C082-4149-8BD0-0AFA25CF71DA}.Debug|x64.ActiveCfg = Debug|x64
		{4816F10B-C082-4149-8BD0-0AFA25CF71DA}.Debug|x64.Build.0 = Debug|x64
		{4816F10B-C082-4149-8BD0-0AFA25CF71DA}.Debug|x86.ActiveCfg = Debug|Win32
		{4816F10B-C082-4149-8BD0-0AFA25CF71DA}.Debug|x86.Build.0 = Debug|Win32
		{4816F10B-C082-4149-8BD0-0AFA25CF71DA}.Release|x64.ActiveCfg = Release|x64
		{4816F10B-C082-4149-8BD0-0AFA25CF71DA}.Release|x64.Build.0 = Release|x64
		{4816F10B-C082-4149-8BD0-0AFA25CF71DA}.Release|x86.ActiveCfg = Release|Win32
		{4816F10B-C082-4149-8BD0-0AFA25CF71DA}.Release|x86.Build.0 = Release|Win32
		{659BF150-EDD6-4D0F-BAE4-E4AB28B735AF}.Debug|x64.ActiveCfg = Debug|x64
		{659BF150-EDD6-4D0F-BAE4-E4AB28B735AF}.Debug|x64.Build.0 = Debug|x64
		{659BF150-EDD6-4D0F-BAE4-E4AB28B735AF}.Debug|x86.ActiveCfg = Debug|Win32
		{659BF150-EDD6-4D0F-BAE4-E4AB28B735AF}.Debug|x86.Build.0 = Debug|Win32
		{659BF150-EDD6-4D0F-BAE4-E4AB28B735AF}.Release|x64.ActiveCfg = Release|x64
		{659BF150-EDD6-4D0F-BAE4-E4AB28B735AF}.Release|x64.Build.0 = Release|x64
		{659BF150-EDD6-4D0F-BAE4-E4AB28B735AF}.Release|x86.ActiveCfg = Release|Win32
		{659BF150-EDD6-4D0F-BAE4-E4AB28B735AF}.Release|x86.Build.0 = Release|Win32
		{B8CE5777-D278-4290-9191-EEC12E662DFD}.Debug|x64.ActiveCfg = Debug|x64
		{B8CE5777-D278-4290-9191-EEC12E662DFD}.Debug|x64.Build.0 = Debug|x64
		{B8CE5777-D278-4290-9191-EEC12E662DFD}.Debug|x86.ActiveCfg = Debug|Win32
		{B8CE5777-D278-4290-9191-EEC12E662DFD}.Debug|x86.Build.0 = Debug|Win32
		{B8CE5777-D278-4290-9191-EEC12E662DFD}.Release|x64.ActiveCfg = Release|x64
		{B8CE5777-D278-4290-9191-EEC12E662DFD}.Release|x64.Build.0 = Release|x64
		{B8CE5777-D278-4290-9191-EEC12E662DFD}.Release|x86.ActiveCfg = Release|Win32
		{B8CE5777-D278-4290-9191-EEC12E662DFD}.Release|x86.Build.0 = Release|Win32
		{1AFF830E-2487-4EBC-BF9C-DAD9E0708EDF}.Debug|x64.ActiveCfg = Debug|x64
		{1AFF830E-2487-4EBC-BF9C-DAD9E0708EDF}.Debug|x64.Build.0 = Debug|x64
		{1AFF830E-2487-4EBC-BF9C-DAD9E0708EDF}.Debug|x86.ActiveCfg = Debug|Win32
		{1AFF830E-2487-4EBC-BF9C-DAD9E0708EDF}.Debug|x86.Build.0 = Debug|Win32
		{1AFF830E-2487-4EBC-BF9C-DAD9E0708EDF}.Release|x64.ActiveCfg = Release|x64
		{1AFF830E-2487-4EBC-BF9C-DAD9E0708EDF}.Release|x64.Build.0 = Release|x64
		{1AFF830E-2487-4EBC-BF9C-DAD9E0708EDF}.Release|x86.ActiveCfg = Release|Win32
		{1AFF830E-2487-4EBC-BF9C-DAD9E0708EDF}.Release|x86.Build.0 = Release|Win32
		{4C196BAC-AD75-45F8-B9DC-AFD3B7076E46}.Debug|x64.ActiveCfg = Debug|x64
		{4C196BAC-AD75-45F8-B9DC-AFD3B7076E46}.Debug|x64.Build.0 = Debug|x64
		{4C196BAC-AD75-45F8-B9DC-AFD3B7076E46}.Debug|x86.ActiveCfg = Debug|Win32
		{4C196BAC-AD75-45F8-B9DC-AFD3B7076E46}.Debug|x86.Build.0 = Debug|Win32
		{4C196BAC-AD75-45F8-B9DC-AFD3B7076E46}.Release|x64.ActiveCfg = Release|x64
		{4C196BAC-AD75-45F8-B9DC-AFD3B7076E46}.Release|x64.Build.0 = Release|x64
		{4C196BAC-AD75-45F8-B9DC-AFD3B7076E46}.Release|x86.ActiveCfg = Release|Win32
		{4C196BAC-AD75-45F8-B9DC-AFD3B7076E46}.Release|x86.Build.0 = Release|Win32
		{C880FB05-B5C4-46A5-B8AF-80F502462843}.Debug|x64.ActiveCfg = Debug|x64
		{C880FB05-B5C4-46A5-B8AF-80F502462843}.Debug|x64.Build.0 = Debug|x64
		{C880FB05-B5C4-46A5-B8AF-80F502462843}.Debug|x86.ActiveCfg = Debug|Win32
		{C880FB05-B5C4-46A5-B8AF-80F502462843}.Debug|x86.Build.0 = Debug|Win32
		{C880FB05-B5C4-46A5-B8AF-80F502462843}.Release|x64.ActiveCfg = Release|x64
		{C880FB05-B5C4-46A5-B8AF-80F502462843}.Release|x64.Build.0 = Release|x64
		{C880FB05-B5C4-46A5-B8AF-80F502462843}.Release|x86.ActiveCfg = Release|Win32
		{C880FB05-B5C4-46A5-B8AF-80F502462843}.Release|x86.Build.0 = Release|Win32
	EndGlobalSection
	GlobalSection(SolutionProperties) = preSolution
		HideSolutionNode = FALSE
	EndGlobalSection
	GlobalSection(ExtensibilityGlobals) = postSolution
		SolutionGuid = {9B28C3B5-071C-42E8-9ED0-13C370B708E5}
	EndGlobalSection
EndGlobal
